
Microsoft Visual Studio Solution File, Format Version 12.00
# Visual Studio Version 16
VisualStudioVersion = 16.0.31605.320
MinimumVisualStudioVersion = 10.0.40219.1
Project("{FAE04EC0-301F-11D3-BF4B-00C04F79EFBC}") = "ConsoleApp1", "ConsoleApp1\ConsoleApp1.csproj", "{6A47146C-D359-413B-9254-60EA6330D12C}"
EndProject
Project("{FAE04EC0-301F-11D3-BF4B-00C04F79EFBC}") = "WindowsFormsApp1", "WindowsFormsApp1\WindowsFormsApp1.csproj", "{76A3587C-9EBD-4658-BA61-91FFBD20AB48}"
EndProject
Global
	GlobalSection(SolutionConfigurationPlatforms) = preSolution
		Debug|Any CPU = Debug|Any CPU
		Release|Any CPU = Release|Any CPU
	EndGlobalSection
	GlobalSection(ProjectConfigurationPlatforms) = postSolution
		{6A47146C-D359-413B-9254-60EA6330D12C}.Debug|Any CPU.ActiveCfg = Debug|Any CPU
		{6A47146C-D359-413B-9254-60EA6330D12C}.Debug|Any CPU.Build.0 = Debug|Any CPU
		{6A47146C-D359-413B-9254-60EA6330D12C}.Release|Any CPU.ActiveCfg = Release|Any CPU
		{6A47146C-D359-413B-9254-60EA6330D12C}.Release|Any CPU.Build.0 = Release|Any CPU
		{76A3587C-9EBD-4658-BA61-91FFBD20AB48}.Debug|Any CPU.ActiveCfg = Debug|Any CPU
		{76A3587C-9EBD-4658-BA61-91FFBD20AB48}.Debug|Any CPU.Build.0 = Debug|Any CPU
		{76A3587C-9EBD-4658-BA61-91FFBD20AB48}.Release|Any CPU.ActiveCfg = Release|Any CPU
		{76A3587C-9EBD-4658-BA61-91FFBD20AB48}.Release|Any CPU.Build.0 = Release|Any CPU
	EndGlobalSection
	GlobalSection(SolutionProperties) = preSolution
		HideSolutionNode = FALSE
	EndGlobalSection
	GlobalSection(ExtensibilityGlobals) = postSolution
		SolutionGuid = {1B1F410A-4327-4CED-BD4F-E93B2BB8143E}
	EndGlobalSection
EndGlobal
